// !$*UTF8*$!
{
	archiveVersion = 1;
	classes = {
	};
	objectVersion = 48;
	objects = {

/* Begin PBXBuildFile section */
		229A69AF1FA5116F002E096F /* xfiles-theme-master.m4a in Resources */ = {isa = PBXBuildFile; fileRef = 229A69AE1FA51159002E096F /* xfiles-theme-master.m4a */; };
		22AD7F1F1FA39F2D00F48A40 /* AppDelegate.swift in Sources */ = {isa = PBXBuildFile; fileRef = 22AD7F1E1FA39F2D00F48A40 /* AppDelegate.swift */; };
		22AD7F211FA39F2D00F48A40 /* ViewController.swift in Sources */ = {isa = PBXBuildFile; fileRef = 22AD7F201FA39F2D00F48A40 /* ViewController.swift */; };
		22AD7F241FA39F2D00F48A40 /* Main.storyboard in Resources */ = {isa = PBXBuildFile; fileRef = 22AD7F221FA39F2D00F48A40 /* Main.storyboard */; };
		22AD7F261FA39F2D00F48A40 /* Assets.xcassets in Resources */ = {isa = PBXBuildFile; fileRef = 22AD7F251FA39F2D00F48A40 /* Assets.xcassets */; };
		22AD7F291FA39F2D00F48A40 /* LaunchScreen.storyboard in Resources */ = {isa = PBXBuildFile; fileRef = 22AD7F271FA39F2D00F48A40 /* LaunchScreen.storyboard */; };
/* End PBXBuildFile section */

/* Begin PBXFileReference section */
		229A69AE1FA51159002E096F /* xfiles-theme-master.m4a */ = {isa = PBXFileReference; lastKnownFileType = file; name = "xfiles-theme-master.m4a"; path = "Assets.xcassets/xfiles-theme-master.dataset/xfiles-theme-master.m4a"; sourceTree = "<group>"; };
		22AD7F1B1FA39F2D00F48A40 /* Mulder Badge.app */ = {isa = PBXFileReference; explicitFileType = wrapper.application; includeInIndex = 0; path = "Mulder Badge.app"; sourceTree = BUILT_PRODUCTS_DIR; };
		22AD7F1E1FA39F2D00F48A40 /* AppDelegate.swift */ = {isa = PBXFileReference; lastKnownFileType = sourcecode.swift; path = AppDelegate.swift; sourceTree = "<group>"; };
		22AD7F201FA39F2D00F48A40 /* ViewController.swift */ = {isa = PBXFileReference; lastKnownFileType = sourcecode.swift; path = ViewController.swift; sourceTree = "<group>"; };
		22AD7F231FA39F2D00F48A40 /* Base */ = {isa = PBXFileReference; lastKnownFileType = file.storyboard; name = Base; path = Base.lproj/Main.storyboard; sourceTree = "<group>"; };
		22AD7F251FA39F2D00F48A40 /* Assets.xcassets */ = {isa = PBXFileReference; lastKnownFileType = folder.assetcatalog; path = Assets.xcassets; sourceTree = "<group>"; };
		22AD7F281FA39F2D00F48A40 /* Base */ = {isa = PBXFileReference; lastKnownFileType = file.storyboard; name = Base; path = Base.lproj/LaunchScreen.storyboard; sourceTree = "<group>"; };
		22AD7F2A1FA39F2D00F48A40 /* Info.plist */ = {isa = PBXFileReference; lastKnownFileType = text.plist.xml; path = Info.plist; sourceTree = "<group>"; };
/* End PBXFileReference section */

/* Begin PBXFrameworksBuildPhase section */
		22AD7F181FA39F2D00F48A40 /* Frameworks */ = {
			isa = PBXFrameworksBuildPhase;
			buildActionMask = 2147483647;
			files = (
			);
			runOnlyForDeploymentPostprocessing = 0;
		};
/* End PBXFrameworksBuildPhase section */

/* Begin PBXGroup section */
		22AD7F121FA39F2D00F48A40 = {
			isa = PBXGroup;
			children = (
				22AD7F1D1FA39F2D00F48A40 /* Mulder Badge */,
				22AD7F1C1FA39F2D00F48A40 /* Products */,
			);
			sourceTree = "<group>";
			usesTabs = 1;
		};
		22AD7F1C1FA39F2D00F48A40 /* Products */ = {
			isa = PBXGroup;
			children = (
				22AD7F1B1FA39F2D00F48A40 /* Mulder Badge.app */,
			);
			name = Products;
			sourceTree = "<group>";
		};
		22AD7F1D1FA39F2D00F48A40 /* Mulder Badge */ = {
			isa = PBXGroup;
			children = (
				22AD7F1E1FA39F2D00F48A40 /* AppDelegate.swift */,
				22AD7F201FA39F2D00F48A40 /* ViewController.swift */,
				22AD7F221FA39F2D00F48A40 /* Main.storyboard */,
				22AD7F251FA39F2D00F48A40 /* Assets.xcassets */,
				22AD7F271FA39F2D00F48A40 /* LaunchScreen.storyboard */,
				229A69AE1FA51159002E096F /* xfiles-theme-master.m4a */,
				22AD7F2A1FA39F2D00F48A40 /* Info.plist */,
			);
			path = "Mulder Badge";
			sourceTree = "<group>";
		};
/* End PBXGroup section */

/* Begin PBXNativeTarget section */
		22AD7F1A1FA39F2D00F48A40 /* Mulder Badge */ = {
			isa = PBXNativeTarget;
			buildConfigurationList = 22AD7F2D1FA39F2D00F48A40 /* Build configuration list for PBXNativeTarget "Mulder Badge" */;
			buildPhases = (
				22AD7F171FA39F2D00F48A40 /* Sources */,
				22AD7F181FA39F2D00F48A40 /* Frameworks */,
				22AD7F191FA39F2D00F48A40 /* Resources */,
			);
			buildRules = (
			);
			dependencies = (
			);
			name = "Mulder Badge";
			productName = "Muller Badge";
			productReference = 22AD7F1B1FA39F2D00F48A40 /* Mulder Badge.app */;
			productType = "com.apple.product-type.application";
		};
/* End PBXNativeTarget section */

/* Begin PBXProject section */
		22AD7F131FA39F2D00F48A40 /* Project object */ = {
			isa = PBXProject;
			attributes = {
				LastSwiftUpdateCheck = 0900;
				LastUpgradeCheck = 0900;
				ORGANIZATIONNAME = leviathanindustries;
				TargetAttributes = {
					22AD7F1A1FA39F2D00F48A40 = {
						CreatedOnToolsVersion = 9.0;
						ProvisioningStyle = Automatic;
					};
				};
			};
			buildConfigurationList = 22AD7F161FA39F2D00F48A40 /* Build configuration list for PBXProject "Mulder Badge" */;
			compatibilityVersion = "Xcode 8.0";
			developmentRegion = en;
			hasScannedForEncodings = 0;
			knownRegions = (
				en,
				Base,
			);
			mainGroup = 22AD7F121FA39F2D00F48A40;
			productRefGroup = 22AD7F1C1FA39F2D00F48A40 /* Products */;
			projectDirPath = "";
			projectRoot = "";
			targets = (
				22AD7F1A1FA39F2D00F48A40 /* Mulder Badge */,
			);
		};
/* End PBXProject section */

/* Begin PBXResourcesBuildPhase section */
		22AD7F191FA39F2D00F48A40 /* Resources */ = {
			isa = PBXResourcesBuildPhase;
			buildActionMask = 2147483647;
			files = (
				22AD7F291FA39F2D00F48A40 /* LaunchScreen.storyboard in Resources */,
				22AD7F261FA39F2D00F48A40 /* Assets.xcassets in Resources */,
				229A69AF1FA5116F002E096F /* xfiles-theme-master.m4a in Resources */,
				22AD7F241FA39F2D00F48A40 /* Main.storyboard in Resources */,
			);
			runOnlyForDeploymentPostprocessing = 0;
		};
/* End PBXResourcesBuildPhase section */

/* Begin PBXSourcesBuildPhase section */
		22AD7F171FA39F2D00F48A40 /* Sources */ = {
			isa = PBXSourcesBuildPhase;
			buildActionMask = 2147483647;
			files = (
				22AD7F211FA39F2D00F48A40 /* ViewController.swift in Sources */,
				22AD7F1F1FA39F2D00F48A40 /* AppDelegate.swift in Sources */,
			);
			runOnlyForDeploymentPostprocessing = 0;
		};
/* End PBXSourcesBuildPhase section */

/* Begin PBXVariantGroup section */
		22AD7F221FA39F2D00F48A40 /* Main.storyboard */ = {
			isa = PBXVariantGroup;
			children = (
				22AD7F231FA39F2D00F48A40 /* Base */,
			);
			name = Main.storyboard;
			sourceTree = "<group>";
		};
		22AD7F271FA39F2D00F48A40 /* LaunchScreen.storyboard */ = {
			isa = PBXVariantGroup;
			children = (
				22AD7F281FA39F2D00F48A40 /* Base */,
			);
			name = LaunchScreen.storyboard;
			sourceTree = "<group>";
		};
/* End PBXVariantGroup section */

/* Begin XCBuildConfiguration section */
		22AD7F2B1FA39F2D00F48A40 /* Debug */ = {
			isa = XCBuildConfiguration;
			buildSettings = {
				ALWAYS_SEARCH_USER_PATHS = NO;
				CLANG_ANALYZER_NONNULL = YES;
				CLANG_ANALYZER_NUMBER_OBJECT_CONVERSION = YES_AGGRESSIVE;
				CLANG_CXX_LANGUAGE_STANDARD = "gnu++14";
				CLANG_CXX_LIBRARY = "libc++";
				CLANG_ENABLE_MODULES = YES;
				CLANG_ENABLE_OBJC_ARC = YES;
				CLANG_WARN_BLOCK_CAPTURE_AUTORELEASING = YES;
				CLANG_WARN_BOOL_CONVERSION = YES;
				CLANG_WARN_COMMA = YES;
				CLANG_WARN_CONSTANT_CONVERSION = YES;
				CLANG_WARN_DIRECT_OBJC_ISA_USAGE = YES_ERROR;
				CLANG_WARN_DOCUMENTATION_COMMENTS = YES;
				CLANG_WARN_EMPTY_BODY = YES;
				CLANG_WARN_ENUM_CONVERSION = YES;
				CLANG_WARN_INFINITE_RECURSION = YES;
				CLANG_WARN_INT_CONVERSION = YES;
				CLANG_WARN_NON_LITERAL_NULL_CONVERSION = YES;
				CLANG_WARN_OBJC_LITERAL_CONVERSION = YES;
				CLANG_WARN_OBJC_ROOT_CLASS = YES_ERROR;
				CLANG_WARN_RANGE_LOOP_ANALYSIS = YES;
				CLANG_WARN_STRICT_PROTOTYPES = YES;
				CLANG_WARN_SUSPICIOUS_MOVE = YES;
				CLANG_WARN_UNGUARDED_AVAILABILITY = YES_AGGRESSIVE;
				CLANG_WARN_UNREACHABLE_CODE = YES;
				CLANG_WARN__DUPLICATE_METHOD_MATCH = YES;
				CODE_SIGN_IDENTITY = "iPhone Developer";
				COPY_PHASE_STRIP = NO;
				DEBUG_INFORMATION_FORMAT = dwarf;
				ENABLE_STRICT_OBJC_MSGSEND = YES;
				ENABLE_TESTABILITY = YES;
				GCC_C_LANGUAGE_STANDARD = gnu11;
				GCC_DYNAMIC_NO_PIC = NO;
				GCC_NO_COMMON_BLOCKS = YES;
				GCC_OPTIMIZATION_LEVEL = 0;
				GCC_PREPROCESSOR_DEFINITIONS = (
					"DEBUG=1",
					"$(inherited)",
				);
				GCC_WARN_64_TO_32_BIT_CONVERSION = YES;
				GCC_WARN_ABOUT_RETURN_TYPE = YES_ERROR;
				GCC_WARN_UNDECLARED_SELECTOR = YES;
				GCC_WARN_UNINITIALIZED_AUTOS = YES_AGGRESSIVE;
				GCC_WARN_UNUSED_FUNCTION = YES;
				GCC_WARN_UNUSED_VARIABLE = YES;
				IPHONEOS_DEPLOYMENT_TARGET = 11.0;
				MTL_ENABLE_DEBUG_INFO = YES;
				ONLY_ACTIVE_ARCH = YES;
				SDKROOT = iphoneos;
				SWIFT_ACTIVE_COMPILATION_CONDITIONS = DEBUG;
				SWIFT_OPTIMIZATION_LEVEL = "-Onone";
			};
			name = Debug;
		};
		22AD7F2C1FA39F2D00F48A40 /* Release */ = {
			isa = XCBuildConfiguration;
			buildSettings = {
				ALWAYS_SEARCH_USER_PATHS = NO;
				CLANG_ANALYZER_NONNULL = YES;
				CLANG_ANALYZER_NUMBER_OBJECT_CONVERSION = YES_AGGRESSIVE;
				CLANG_CXX_LANGUAGE_STANDARD = "gnu++14";
				CLANG_CXX_LIBRARY = "libc++";
				CLANG_ENABLE_MODULES = YES;
				CLANG_ENABLE_OBJC_ARC = YES;
				CLANG_WARN_BLOCK_CAPTURE_AUTORELEASING = YES;
				CLANG_WARN_BOOL_CONVERSION = YES;
				CLANG_WARN_COMMA = YES;
				CLANG_WARN_CONSTANT_CONVERSION = YES;
				CLANG_WARN_DIRECT_OBJC_ISA_USAGE = YES_ERROR;
				CLANG_WARN_DOCUMENTATION_COMMENTS = YES;
				CLANG_WARN_EMPTY_BODY = YES;
				CLANG_WARN_ENUM_CONVERSION = YES;
				CLANG_WARN_INFINITE_RECURSION = YES;
				CLANG_WARN_INT_CONVERSION = YES;
				CLANG_WARN_NON_LITERAL_NULL_CONVERSION = YES;
				CLANG_WARN_OBJC_LITERAL_CONVERSION = YES;
				CLANG_WARN_OBJC_ROOT_CLASS = YES_ERROR;
				CLANG_WARN_RANGE_LOOP_ANALYSIS = YES;
				CLANG_WARN_STRICT_PROTOTYPES = YES;
				CLANG_WARN_SUSPICIOUS_MOVE = YES;
				CLANG_WARN_UNGUARDED_AVAILABILITY = YES_AGGRESSIVE;
				CLANG_WARN_UNREACHABLE_CODE = YES;
				CLANG_WARN__DUPLICATE_METHOD_MATCH = YES;
				CODE_SIGN_IDENTITY = "iPhone Developer";
				COPY_PHASE_STRIP = NO;
				DEBUG_INFORMATION_FORMAT = "dwarf-with-dsym";
				ENABLE_NS_ASSERTIONS = NO;
				ENABLE_STRICT_OBJC_MSGSEND = YES;
				GCC_C_LANGUAGE_STANDARD = gnu11;
				GCC_NO_COMMON_BLOCKS = YES;
				GCC_WARN_64_TO_32_BIT_CONVERSION = YES;
				GCC_WARN_ABOUT_RETURN_TYPE = YES_ERROR;
				GCC_WARN_UNDECLARED_SELECTOR = YES;
				GCC_WARN_UNINITIALIZED_AUTOS = YES_AGGRESSIVE;
				GCC_WARN_UNUSED_FUNCTION = YES;
				GCC_WARN_UNUSED_VARIABLE = YES;
				IPHONEOS_DEPLOYMENT_TARGET = 11.0;
				MTL_ENABLE_DEBUG_INFO = NO;
				SDKROOT = iphoneos;
				SWIFT_OPTIMIZATION_LEVEL = "-Owholemodule";
				VALIDATE_PRODUCT = YES;
			};
			name = Release;
		};
		22AD7F2E1FA39F2D00F48A40 /* Debug */ = {
			isa = XCBuildConfiguration;
			buildSettings = {
				ASSETCATALOG_COMPILER_APPICON_NAME = AppIcon;
				CODE_SIGN_STYLE = Automatic;
				DEVELOPMENT_TEAM = H66GE8UB79;
				INFOPLIST_FILE = "Mulder Badge/Info.plist";
				IPHONEOS_DEPLOYMENT_TARGET = 11.0;
				LD_RUNPATH_SEARCH_PATHS = "$(inherited) @executable_path/Frameworks";
				PRODUCT_BUNDLE_IDENTIFIER = "com.leviathanindustries.Mulder-Badge";
				PRODUCT_NAME = "$(TARGET_NAME)";
				SWIFT_VERSION = 4.0;
				TARGETED_DEVICE_FAMILY = "1,2";
			};
			name = Debug;
		};
		22AD7F2F1FA39F2D00F48A40 /* Release */ = {
			isa = XCBuildConfiguration;
			buildSettings = {
				ASSETCATALOG_COMPILER_APPICON_NAME = AppIcon;
				CODE_SIGN_STYLE = Automatic;
				DEVELOPMENT_TEAM = H66GE8UB79;
				INFOPLIST_FILE = "Mulder Badge/Info.plist";
				IPHONEOS_DEPLOYMENT_TARGET = 11.0;
				LD_RUNPATH_SEARCH_PATHS = "$(inherited) @executable_path/Frameworks";
				PRODUCT_BUNDLE_IDENTIFIER = "com.leviathanindustries.Mulder-Badge";
				PRODUCT_NAME = "$(TARGET_NAME)";
				SWIFT_VERSION = 4.0;
				TARGETED_DEVICE_FAMILY = "1,2";
			};
			name = Release;
		};
/* End XCBuildConfiguration section */

/* Begin XCConfigurationList section */
		22AD7F161FA39F2D00F48A40 /* Build configuration list for PBXProject "Mulder Badge" */ = {
			isa = XCConfigurationList;
			buildConfigurations = (
				22AD7F2B1FA39F2D00F48A40 /* Debug */,
				22AD7F2C1FA39F2D00F48A40 /* Release */,
			);
			defaultConfigurationIsVisible = 0;
			defaultConfigurationName = Release;
		};
		22AD7F2D1FA39F2D00F48A40 /* Build configuration list for PBXNativeTarget "Mulder Badge" */ = {
			isa = XCConfigurationList;
			buildConfigurations = (
				22AD7F2E1FA39F2D00F48A40 /* Debug */,
				22AD7F2F1FA39F2D00F48A40 /* Release */,
			);
			defaultConfigurationIsVisible = 0;
			defaultConfigurationName = Release;
		};
/* End XCConfigurationList section */
	};
	rootObject = 22AD7F131FA39F2D00F48A40 /* Project object */;
}
